
Microsoft Visual Studio Solution File, Format Version 12.00
# Visual Studio 15
VisualStudioVersion = 15.0.28307.852
MinimumVisualStudioVersion = 10.0.40219.1
Project("{FAE04EC0-301F-11D3-BF4B-00C04F79EFBC}") = "DataAccess", "DataAccess\DataAccess.csproj", "{975080C5-AFA4-43A5-8B95-A15B7F60E0C8}"
EndProject
Project("{FAE04EC0-301F-11D3-BF4B-00C04F79EFBC}") = "Business", "Business\Business.csproj", "{73613F45-9474-4845-B76F-2D63F5DDCAEF}"
EndProject
Project("{FAE04EC0-301F-11D3-BF4B-00C04F79EFBC}") = "gymWebApplication", "gymWebApplication\gymWebApplication.csproj", "{8D6B6920-F9A5-4632-AF9A-9135A11A517C}"
EndProject
Project("{9A19103F-16F7-4668-BE54-9A1E7A4F7556}") = "Utilities", "Utilities\Utilities.csproj", "{F194EDDD-3217-46C7-B4B2-00DD537CE958}"
EndProject
Project("{FAE04EC0-301F-11D3-BF4B-00C04F79EFBC}") = "gymMvc", "gymMvc\gymMvc.csproj", "{0DAA1758-5C6F-4330-9422-799470D89E0C}"
EndProject
Global
	GlobalSection(SolutionConfigurationPlatforms) = preSolution
		Debug|Any CPU = Debug|Any CPU
		Release|Any CPU = Release|Any CPU
	EndGlobalSection
	GlobalSection(ProjectConfigurationPlatforms) = postSolution
		{975080C5-AFA4-43A5-8B95-A15B7F60E0C8}.Debug|Any CPU.ActiveCfg = Debug|Any CPU
		{975080C5-AFA4-43A5-8B95-A15B7F60E0C8}.Debug|Any CPU.Build.0 = Debug|Any CPU
		{975080C5-AFA4-43A5-8B95-A15B7F60E0C8}.Release|Any CPU.ActiveCfg = Release|Any CPU
		{975080C5-AFA4-43A5-8B95-A15B7F60E0C8}.Release|Any CPU.Build.0 = Release|Any CPU
		{73613F45-9474-4845-B76F-2D63F5DDCAEF}.Debug|Any CPU.ActiveCfg = Debug|Any CPU
		{73613F45-9474-4845-B76F-2D63F5DDCAEF}.Debug|Any CPU.Build.0 = Debug|Any CPU
		{73613F45-9474-4845-B76F-2D63F5DDCAEF}.Release|Any CPU.ActiveCfg = Release|Any CPU
		{73613F45-9474-4845-B76F-2D63F5DDCAEF}.Release|Any CPU.Build.0 = Release|Any CPU
		{8D6B6920-F9A5-4632-AF9A-9135A11A517C}.Debug|Any CPU.ActiveCfg = Debug|Any CPU
		{8D6B6920-F9A5-4632-AF9A-9135A11A517C}.Debug|Any CPU.Build.0 = Debug|Any CPU
		{8D6B6920-F9A5-4632-AF9A-9135A11A517C}.Release|Any CPU.ActiveCfg = Release|Any CPU
		{8D6B6920-F9A5-4632-AF9A-9135A11A517C}.Release|Any CPU.Build.0 = Release|Any CPU
		{F194EDDD-3217-46C7-B4B2-00DD537CE958}.Debug|Any CPU.ActiveCfg = Debug|Any CPU
		{F194EDDD-3217-46C7-B4B2-00DD537CE958}.Debug|Any CPU.Build.0 = Debug|Any CPU
		{F194EDDD-3217-46C7-B4B2-00DD537CE958}.Release|Any CPU.ActiveCfg = Release|Any CPU
		{F194EDDD-3217-46C7-B4B2-00DD537CE958}.Release|Any CPU.Build.0 = Release|Any CPU
		{0DAA1758-5C6F-4330-9422-799470D89E0C}.Debug|Any CPU.ActiveCfg = Debug|Any CPU
		{0DAA1758-5C6F-4330-9422-799470D89E0C}.Debug|Any CPU.Build.0 = Debug|Any CPU
		{0DAA1758-5C6F-4330-9422-799470D89E0C}.Release|Any CPU.ActiveCfg = Release|Any CPU
		{0DAA1758-5C6F-4330-9422-799470D89E0C}.Release|Any CPU.Build.0 = Release|Any CPU
	EndGlobalSection
	GlobalSection(SolutionProperties) = preSolution
		HideSolutionNode = FALSE
	EndGlobalSection
	GlobalSection(ExtensibilityGlobals) = postSolution
		SolutionGuid = {820AC0DD-33B9-45E7-AADE-67371B00E910}
	EndGlobalSection
EndGlobal
